
Microsoft Visual Studio Solution File, Format Version 12.00
# Visual Studio Version 17
VisualStudioVersion = 17.10.34928.147
MinimumVisualStudioVersion = 10.0.40219.1
Project("{FAE04EC0-301F-11D3-BF4B-00C04F79EFBC}") = "Video zahvat", "Video zahvat\Video zahvat.csproj", "{1880D748-F3AC-4315-A9B3-5CB783B89BFE}"
EndProject
Global
	GlobalSection(SolutionConfigurationPlatforms) = preSolution
		Debug|Any CPU = Debug|Any CPU
		Release|Any CPU = Release|Any CPU
	EndGlobalSection
	GlobalSection(ProjectConfigurationPlatforms) = postSolution
		{1880D748-F3AC-4315-A9B3-5CB783B89BFE}.Debug|Any CPU.ActiveCfg = Debug|Any CPU
		{1880D748-F3AC-4315-A9B3-5CB783B89BFE}.Debug|Any CPU.Build.0 = Debug|Any CPU
		{1880D748-F3AC-4315-A9B3-5CB783B89BFE}.Release|Any CPU.ActiveCfg = Release|Any CPU
		{1880D748-F3AC-4315-A9B3-5CB783B89BFE}.Release|Any CPU.Build.0 = Release|Any CPU
	EndGlobalSection
	GlobalSection(SolutionProperties) = preSolution
		HideSolutionNode = FALSE
	EndGlobalSection
	GlobalSection(ExtensibilityGlobals) = postSolution
		SolutionGuid = {24840DCE-B3F9-4DFD-BE85-8326600EBC74}
	EndGlobalSection
EndGlobal
